schema: '2.0'
stages:
  data_ingestion:
    cmd: python "./dvc using AWS/src/data_ingestion.py"
    deps:
    - path: ./dvc using AWS/src/data_ingestion.py
      hash: md5
      md5: 663f53e3c1aeaf5720d42e4c495ab239
      size: 3644
    params:
      dvc using AWS/params.yaml:
        data_ingestion.test_size: 0.2
    outs:
    - path: ./dvc using AWS/data/raw
      hash: md5
      md5: 1a287d34dc172d9f950c03dae35f7e73.dir
      size: 484846
      nfiles: 2
  data_preprocessing:
    cmd: python "./dvc using AWS/src/data_preprocessing.py"
    deps:
    - path: ./dvc using AWS/data/raw
      hash: md5
      md5: 1a287d34dc172d9f950c03dae35f7e73.dir
      size: 484846
      nfiles: 2
    - path: ./dvc using AWS/src/data_preprocessing.py
      hash: md5
      md5: c0cce7de1817cbc9bf05921a568debd4
      size: 3844
    outs:
    - path: ./dvc using AWS/data/interim
      hash: md5
      md5: 0f1bcc59c9874d6ebdcbdf7fad55fee1.dir
      size: 377517
      nfiles: 2
  feature_engineering:
    cmd: python "./dvc using AWS/src/feature_engineering.py"
    deps:
    - path: ./dvc using AWS/data/interim
      hash: md5
      md5: 0f1bcc59c9874d6ebdcbdf7fad55fee1.dir
      size: 377517
      nfiles: 2
    - path: ./dvc using AWS/src/feature_engineering.py
      hash: md5
      md5: 146303d5abd383c392a381ae4623c444
      size: 3970
    params:
      dvc using AWS/params.yaml:
        feature_engineering.max_features: 35
    outs:
    - path: ./dvc using AWS/data/processed
      hash: md5
      md5: 5803f8ef0a41ec215395a4a59f190c6b.dir
      size: 1030040
      nfiles: 2
  model_building:
    cmd: python "./dvc using AWS/src/model_building.py"
    deps:
    - path: ./dvc using AWS/data/processed
      hash: md5
      md5: 5803f8ef0a41ec215395a4a59f190c6b.dir
      size: 1030040
      nfiles: 2
    - path: ./dvc using AWS/src/model_building.py
      hash: md5
      md5: 3657bdc62c7860e2c3df5c2ec838b504
      size: 4487
    params:
      dvc using AWS/params.yaml:
        model_building.n_estimators: 22
        model_building.random_state: 2
    outs:
    - path: ./dvc using AWS/models/model.pkl
      hash: md5
      md5: a7f55d12f17702d8c5c7a90d85e1566e
      size: 1235543
  model_evaluation:
    cmd: python "./dvc using AWS/src/model_evaluation.py"
    deps:
    - path: ./dvc using AWS/models/model.pkl
      hash: md5
      md5: a7f55d12f17702d8c5c7a90d85e1566e
      size: 1235543
    - path: ./dvc using AWS/src/model_evaluation.py
      hash: md5
      md5: 3ef7363831c7fe8bd908c428bfc80e4f
      size: 4729
    outs:
    - path: ./dvc using AWS/reports/metrics.json
      hash: md5
      md5: 588fddd4c5d8092b4725b1626748561c
      size: 145
