schema: '2.0'
stages:
  data_ingestion:
    cmd: python "./dvc using AWS/src/data_ingestion.py"
    deps:
    - path: ./dvc using AWS/src/data_ingestion.py
      hash: md5
      md5: 663f53e3c1aeaf5720d42e4c495ab239
      size: 3644
    params:
      dvc using AWS/params.yaml:
        data_ingestion.test_size: 0.15
    outs:
    - path: ./dvc using AWS/data/raw
      hash: md5
      md5: a15ba66afdf82f8659b031b175286ed3.dir
      size: 484846
      nfiles: 2
  data_preprocessing:
    cmd: python "./dvc using AWS/src/data_preprocessing.py"
    deps:
    - path: ./dvc using AWS/data/raw
      hash: md5
      md5: a15ba66afdf82f8659b031b175286ed3.dir
      size: 484846
      nfiles: 2
    - path: ./dvc using AWS/src/data_preprocessing.py
      hash: md5
      md5: c0cce7de1817cbc9bf05921a568debd4
      size: 3844
    outs:
    - path: ./dvc using AWS/data/interim
      hash: md5
      md5: 039268b93640bd0c05231e9ec050b929.dir
      size: 376360
      nfiles: 2
  feature_engineering:
    cmd: python "./dvc using AWS/src/feature_engineering.py"
    deps:
    - path: ./dvc using AWS/data/interim
      hash: md5
      md5: 039268b93640bd0c05231e9ec050b929.dir
      size: 376360
      nfiles: 2
    - path: ./dvc using AWS/src/feature_engineering.py
      hash: md5
      md5: 146303d5abd383c392a381ae4623c444
      size: 3970
    params:
      dvc using AWS/params.yaml:
        feature_engineering.max_features: 32
    outs:
    - path: ./dvc using AWS/data/processed
      hash: md5
      md5: 290edbf6aafa76c40940db90c7492022.dir
      size: 950481
      nfiles: 2
  model_building:
    cmd: python "./dvc using AWS/src/model_building.py"
    deps:
    - path: ./dvc using AWS/data/processed
      hash: md5
      md5: 290edbf6aafa76c40940db90c7492022.dir
      size: 950481
      nfiles: 2
    - path: ./dvc using AWS/src/model_building.py
      hash: md5
      md5: 3657bdc62c7860e2c3df5c2ec838b504
      size: 4487
    params:
      dvc using AWS/params.yaml:
        model_building.n_estimators: 25
        model_building.random_state: 2
    outs:
    - path: ./dvc using AWS/models/model.pkl
      hash: md5
      md5: e244e32b7d0a81721040108078ddb634
      size: 1418002
  model_evaluation:
    cmd: python "./dvc using AWS/src/model_evaluation.py"
    deps:
    - path: ./dvc using AWS/models/model.pkl
      hash: md5
      md5: e244e32b7d0a81721040108078ddb634
      size: 1418002
    - path: ./dvc using AWS/src/model_evaluation.py
      hash: md5
      md5: 09382e5de52c13581b33b7f2e16123c6
      size: 4714
    outs:
    - path: ./dvc using AWS/reports/metrics.json
      hash: md5
      md5: 54b8289161f2c79e2a49ce99835803bc
      size: 145
